
Microsoft Visual Studio Solution File, Format Version 12.00
# Visual Studio 15
VisualStudioVersion = 15.0.28010.2026
MinimumVisualStudioVersion = 10.0.40219.1
Project("{FAE04EC0-301F-11D3-BF4B-00C04F79EFBC}") = "jav-organizer-gui", "jav-organizer-gui\jav-organizer-gui.csproj", "{670F547F-5193-4B45-BD7F-96B2B330E6B9}"
EndProject
Global
	GlobalSection(SolutionConfigurationPlatforms) = preSolution
		Debug|Any CPU = Debug|Any CPU
		Release|Any CPU = Release|Any CPU
	EndGlobalSection
	GlobalSection(ProjectConfigurationPlatforms) = postSolution
		{670F547F-5193-4B45-BD7F-96B2B330E6B9}.Debug|Any CPU.ActiveCfg = Debug|Any CPU
		{670F547F-5193-4B45-BD7F-96B2B330E6B9}.Debug|Any CPU.Build.0 = Debug|Any CPU
		{670F547F-5193-4B45-BD7F-96B2B330E6B9}.Release|Any CPU.ActiveCfg = Release|Any CPU
		{670F547F-5193-4B45-BD7F-96B2B330E6B9}.Release|Any CPU.Build.0 = Release|Any CPU
	EndGlobalSection
	GlobalSection(SolutionProperties) = preSolution
		HideSolutionNode = FALSE
	EndGlobalSection
	GlobalSection(ExtensibilityGlobals) = postSolution
		SolutionGuid = {C19D026F-FC82-42CB-A85F-93497F5539F6}
	EndGlobalSection
EndGlobal
